
Microsoft Visual Studio Solution File, Format Version 12.00
# Visual Studio Version 17
VisualStudioVersion = 17.1.32210.238
MinimumVisualStudioVersion = 10.0.40219.1
Project("{FAE04EC0-301F-11D3-BF4B-00C04F79EFBC}") = "Lab 02", "Lab 02\Lab 02.csproj", "{722593E8-71CB-496B-9CFB-B0CA352DC0AF}"
EndProject
Global
	GlobalSection(SolutionConfigurationPlatforms) = preSolution
		Debug|Any CPU = Debug|Any CPU
		Release|Any CPU = Release|Any CPU
	EndGlobalSection
	GlobalSection(ProjectConfigurationPlatforms) = postSolution
		{722593E8-71CB-496B-9CFB-B0CA352DC0AF}.Debug|Any CPU.ActiveCfg = Debug|Any CPU
		{722593E8-71CB-496B-9CFB-B0CA352DC0AF}.Debug|Any CPU.Build.0 = Debug|Any CPU
		{722593E8-71CB-496B-9CFB-B0CA352DC0AF}.Release|Any CPU.ActiveCfg = Release|Any CPU
		{722593E8-71CB-496B-9CFB-B0CA352DC0AF}.Release|Any CPU.Build.0 = Release|Any CPU
	EndGlobalSection
	GlobalSection(SolutionProperties) = preSolution
		HideSolutionNode = FALSE
	EndGlobalSection
	GlobalSection(ExtensibilityGlobals) = postSolution
		SolutionGuid = {149A562A-A807-4582-839F-F2687C80E573}
	EndGlobalSection
EndGlobal
